
Microsoft Visual Studio Solution File, Format Version 12.00
# Visual Studio Version 16
VisualStudioVersion = 16.0.29709.97
MinimumVisualStudioVersion = 10.0.40219.1
Project("{FAE04EC0-301F-11D3-BF4B-00C04F79EFBC}") = "pa6-dclane7", "pa6-dclane7\pa6-dclane7.csproj", "{8CA9CD88-7735-4E76-A23F-997190BB5C7E}"
EndProject
Global
	GlobalSection(SolutionConfigurationPlatforms) = preSolution
		Debug|Any CPU = Debug|Any CPU
		Release|Any CPU = Release|Any CPU
	EndGlobalSection
	GlobalSection(ProjectConfigurationPlatforms) = postSolution
		{8CA9CD88-7735-4E76-A23F-997190BB5C7E}.Debug|Any CPU.ActiveCfg = Debug|Any CPU
		{8CA9CD88-7735-4E76-A23F-997190BB5C7E}.Debug|Any CPU.Build.0 = Debug|Any CPU
		{8CA9CD88-7735-4E76-A23F-997190BB5C7E}.Release|Any CPU.ActiveCfg = Release|Any CPU
		{8CA9CD88-7735-4E76-A23F-997190BB5C7E}.Release|Any CPU.Build.0 = Release|Any CPU
	EndGlobalSection
	GlobalSection(SolutionProperties) = preSolution
		HideSolutionNode = FALSE
	EndGlobalSection
	GlobalSection(ExtensibilityGlobals) = postSolution
		SolutionGuid = {C796A91E-3206-4D07-9D29-89A57D081742}
	EndGlobalSection
EndGlobal
